
Microsoft Visual Studio Solution File, Format Version 12.00
# Visual Studio Version 16
VisualStudioVersion = 16.0.31025.194
MinimumVisualStudioVersion = 10.0.40219.1
Project("{8BC9CEB8-8B4A-11D0-8D11-00A0C91BC942}") = "matrix", "matrix.vcxproj", "{485E9AAB-41D6-424A-B40C-98A418EEEDDD}"
EndProject
Global
	GlobalSection(SolutionConfigurationPlatforms) = preSolution
		Debug|x64 = Debug|x64
		Debug|x86 = Debug|x86
		Release|x64 = Release|x64
		Release|x86 = Release|x86
	EndGlobalSection
	GlobalSection(ProjectConfigurationPlatforms) = postSolution
		{485E9AAB-41D6-424A-B40C-98A418EEEDDD}.Debug|x64.ActiveCfg = Debug|x64
		{485E9AAB-41D6-424A-B40C-98A418EEEDDD}.Debug|x64.Build.0 = Debug|x64
		{485E9AAB-41D6-424A-B40C-98A418EEEDDD}.Debug|x86.ActiveCfg = Debug|Win32
		{485E9AAB-41D6-424A-B40C-98A418EEEDDD}.Debug|x86.Build.0 = Debug|Win32
		{485E9AAB-41D6-424A-B40C-98A418EEEDDD}.Release|x64.ActiveCfg = Release|x64
		{485E9AAB-41D6-424A-B40C-98A418EEEDDD}.Release|x64.Build.0 = Release|x64
		{485E9AAB-41D6-424A-B40C-98A418EEEDDD}.Release|x86.ActiveCfg = Release|Win32
		{485E9AAB-41D6-424A-B40C-98A418EEEDDD}.Release|x86.Build.0 = Release|Win32
	EndGlobalSection
	GlobalSection(SolutionProperties) = preSolution
		HideSolutionNode = FALSE
	EndGlobalSection
	GlobalSection(ExtensibilityGlobals) = postSolution
		SolutionGuid = {0E5DD50A-D235-4471-B061-B53302764BF9}
	EndGlobalSection
EndGlobal
